version = 1
revision = 3
requires-python = ">=3.13"

[[package]]
name = "colorama"
version = "0.4.6"
source = { registry = "https://pypi.org/simple" }
sdist = { url = "https://files.pythonhosted.org/packages/d8/53/6f443c9a4a8358a93a6792e2acffb9d9d5cb0a5cfd8802644b7b1c9a02e4/colorama-0.4.6.tar.gz", hash = "sha256:08695f5cb7ed6e0531a20572697297273c47b8cae5a63ffc6d6ed5c201be6e44", size = 27697, upload-time = "2022-10-25T02:36:22.414Z" }
wheels = [
    { url = "https://files.pythonhosted.org/packages/d1/d6/3965ed04c63042e047cb6a3e6ed1a63a35087b6a609aa3a15ed8ac56c221/colorama-0.4.6-py2.py3-none-any.whl", hash = "sha256:4f1d9991f5acc0ca119f9d443620b77f9d6b33703e51011c16baf57afb285fc6", size = 25335, upload-time = "2022-10-25T02:36:20.889Z" },
]

[[package]]
name = "confluent-kafka"
version = "2.11.1"
source = { registry = "https://pypi.org/simple" }
sdist = { url = "https://files.pythonhosted.org/packages/e1/e4/cd2dc58cd583788a362c2d59d179a6537b81c3bf70c6a1907c508117ca77/confluent_kafka-2.11.1.tar.gz", hash = "sha256:a9366d9dc07a527ed0dcef9c24ba38238cf9dc63c3f53b79da15d45ce4459166", size = 227194, upload-time = "2025-08-18T21:27:48.103Z" }
wheels = [
    { url = "https://files.pythonhosted.org/packages/52/54/6c790187fce06fb84741f21bf25a9435385a891b8a3b73b4fb5a1bf71d6f/confluent_kafka-2.11.1-cp313-cp313-macosx_13_0_arm64.whl", hash = "sha256:9618041f031320e113f9dc533c0dbd1d768dd008855ae4be1ed21148442f146e", size = 3128480, upload-time = "2025-08-18T21:26:52.688Z" },
    { url = "https://files.pythonhosted.org/packages/d5/40/aa219be95629a1da072996edae96c4db82a72f1e3610cd490f8c9aa57799/confluent_kafka-2.11.1-cp313-cp313-macosx_13_0_x86_64.whl", hash = "sha256:4f8d9dee49975a63b31dd71f0a0b4d3a2af9754a21d18d218fec6c0d9cb6eea3", size = 3599681, upload-time = "2025-08-18T21:26:54.942Z" },
    { url = "https://files.pythonhosted.org/packages/ba/0c/29616e188b1c8a1e3fc24a3a9b5d0340591d246ee097706945f89ecb49a2/confluent_kafka-2.11.1-cp313-cp313-manylinux_2_28_aarch64.whl", hash = "sha256:e173c3e021bd525c14ea107a960c467d9fc7fe7e7d72cde1308bcddd58774f86", size = 15381089, upload-time = "2025-08-18T21:26:59.278Z" },
    { url = "https://files.pythonhosted.org/packages/e8/34/1145c73d4ab35ce71ce8fcc9238a59fddb304de01dbf8a10039ab8ff55ea/confluent_kafka-2.11.1-cp313-cp313-manylinux_2_28_x86_64.whl", hash = "sha256:639b7b776dc1d830b0ee4188487c54977fe7d5bf70befbdcf222ac9e1b72ab7e", size = 3916834, upload-time = "2025-08-18T21:27:02.376Z" },
    { url = "https://files.pythonhosted.org/packages/af/a3/77a5d2bbd20808ed571844e5de40b3422261824f66a20a5f3e0f44aa1061/confluent_kafka-2.11.1-cp313-cp313-win_amd64.whl", hash = "sha256:09f7703fe54429911f7d1cdf62c3044c4b7eaefa0af9d2dbcf4b513d97673380", size = 4098185, upload-time = "2025-08-18T21:27:04.82Z" },
    { url = "https://files.pythonhosted.org/packages/b1/70/8f56755827e9423777571116518127c9b2f357299f082ed386898f63740a/confluent_kafka-2.11.1-cp313-cp313t-manylinux_2_28_aarch64.whl", hash = "sha256:bc6eceedf0cda75ea666899d972ca9c68b529f1ff36ed99f5f15503d0d08d1b3", size = 15379674, upload-time = "2025-08-18T21:27:09.249Z" },
]

[[package]]
name = "iniconfig"
version = "2.1.0"
source = { registry = "https://pypi.org/simple" }
sdist = { url = "https://files.pythonhosted.org/packages/f2/97/ebf4da567aa6827c909642694d71c9fcf53e5b504f2d96afea02718862f3/iniconfig-2.1.0.tar.gz", hash = "sha256:3abbd2e30b36733fee78f9c7f7308f2d0050e88f0087fd25c2645f63c773e1c7", size = 4793, upload-time = "2025-03-19T20:09:59.721Z" }
wheels = [
    { url = "https://files.pythonhosted.org/packages/2c/e1/e6716421ea10d38022b952c159d5161ca1193197fb744506875fbb87ea7b/iniconfig-2.1.0-py3-none-any.whl", hash = "sha256:9deba5723312380e77435581c6bf4935c94cbfab9b1ed33ef8d238ea168eb760", size = 6050, upload-time = "2025-03-19T20:10:01.071Z" },
]

[[package]]
name = "kafkaux"
version = "0.1.0"
source = { editable = "." }
dependencies = [
    { name = "confluent-kafka" },
]

[package.dev-dependencies]
dev = [
    { name = "pytest" },
]

[package.metadata]
requires-dist = [{ name = "confluent-kafka", specifier = ">=2.11.1" }]

[package.metadata.requires-dev]
dev = [{ name = "pytest", specifier = ">=8.4.2" }]

[[package]]
name = "packaging"
version = "25.0"
source = { registry = "https://pypi.org/simple" }
sdist = { url = "https://files.pythonhosted.org/packages/a1/d4/1fc4078c65507b51b96ca8f8c3ba19e6a61c8253c72794544580a7b6c24d/packaging-25.0.tar.gz", hash = "sha256:d443872c98d677bf60f6a1f2f8c1cb748e8fe762d2bf9d3148b5599295b0fc4f", size = 165727, upload-time = "2025-04-19T11:48:59.673Z" }
wheels = [
    { url = "https://files.pythonhosted.org/packages/20/12/38679034af332785aac8774540895e234f4d07f7545804097de4b666afd8/packaging-25.0-py3-none-any.whl", hash = "sha256:29572ef2b1f17581046b3a2227d5c611fb25ec70ca1ba8554b24b0e69331a484", size = 66469, upload-time = "2025-04-19T11:48:57.875Z" },
]

[[package]]
name = "pluggy"
version = "1.6.0"
source = { registry = "https://pypi.org/simple" }
sdist = { url = "https://files.pythonhosted.org/packages/f9/e2/3e91f31a7d2b083fe6ef3fa267035b518369d9511ffab804f839851d2779/pluggy-1.6.0.tar.gz", hash = "sha256:7dcc130b76258d33b90f61b658791dede3486c3e6bfb003ee5c9bfb396dd22f3", size = 69412, upload-time = "2025-05-15T12:30:07.975Z" }
wheels = [
    { url = "https://files.pythonhosted.org/packages/54/20/4d324d65cc6d9205fabedc306948156824eb9f0ee1633355a8f7ec5c66bf/pluggy-1.6.0-py3-none-any.whl", hash = "sha256:e920276dd6813095e9377c0bc5566d94c932c33b27a3e3945d8389c374dd4746", size = 20538, upload-time = "2025-05-15T12:30:06.134Z" },
]

[[package]]
name = "pygments"
version = "2.19.2"
source = { registry = "https://pypi.org/simple" }
sdist = { url = "https://files.pythonhosted.org/packages/b0/77/a5b8c569bf593b0140bde72ea885a803b82086995367bf2037de0159d924/pygments-2.19.2.tar.gz", hash = "sha256:636cb2477cec7f8952536970bc533bc43743542f70392ae026374600add5b887", size = 4968631, upload-time = "2025-06-21T13:39:12.283Z" }
wheels = [
    { url = "https://files.pythonhosted.org/packages/c7/21/705964c7812476f378728bdf590ca4b771ec72385c533964653c68e86bdc/pygments-2.19.2-py3-none-any.whl", hash = "sha256:86540386c03d588bb81d44bc3928634ff26449851e99741617ecb9037ee5ec0b", size = 1225217, upload-time = "2025-06-21T13:39:07.939Z" },
]

[[package]]
name = "pytest"
version = "8.4.2"
source = { registry = "https://pypi.org/simple" }
dependencies = [
    { name = "colorama", marker = "sys_platform == 'win32'" },
    { name = "iniconfig" },
    { name = "packaging" },
    { name = "pluggy" },
    { name = "pygments" },
]
sdist = { url = "https://files.pythonhosted.org/packages/a3/5c/00a0e072241553e1a7496d638deababa67c5058571567b92a7eaa258397c/pytest-8.4.2.tar.gz", hash = "sha256:86c0d0b93306b961d58d62a4db4879f27fe25513d4b969df351abdddb3c30e01", size = 1519618, upload-time = "2025-09-04T14:34:22.711Z" }
wheels = [
    { url = "https://files.pythonhosted.org/packages/a8/a4/20da314d277121d6534b3a980b29035dcd51e6744bd79075a6ce8fa4eb8d/pytest-8.4.2-py3-none-any.whl", hash = "sha256:872f880de3fc3a5bdc88a11b39c9710c3497a547cfa9320bc3c5e62fbf272e79", size = 365750, upload-time = "2025-09-04T14:34:20.226Z" },
]
