version = 1
revision = 3
requires-python = ">=3.11"

[[package]]
name = "click"
version = "8.3.0"
source = { registry = "https://pypi.org/simple" }
dependencies = [
    { name = "colorama", marker = "sys_platform == 'win32'" },
]
sdist = { url = "https://files.pythonhosted.org/packages/46/61/de6cd827efad202d7057d93e0fed9294b96952e188f7384832791c7b2254/click-8.3.0.tar.gz", hash = "sha256:e7b8232224eba16f4ebe410c25ced9f7875cb5f3263ffc93cc3e8da705e229c4", size = 276943, upload-time = "2025-09-18T17:32:23.696Z" }
wheels = [
    { url = "https://files.pythonhosted.org/packages/db/d3/9dcc0f5797f070ec8edf30fbadfb200e71d9db6b84d211e3b2085a7589a0/click-8.3.0-py3-none-any.whl", hash = "sha256:9b9f285302c6e3064f4330c05f05b81945b2a39544279343e6e7c5f27a9baddc", size = 107295, upload-time = "2025-09-18T17:32:22.42Z" },
]

[[package]]
name = "colorama"
version = "0.4.6"
source = { registry = "https://pypi.org/simple" }
sdist = { url = "https://files.pythonhosted.org/packages/d8/53/6f443c9a4a8358a93a6792e2acffb9d9d5cb0a5cfd8802644b7b1c9a02e4/colorama-0.4.6.tar.gz", hash = "sha256:08695f5cb7ed6e0531a20572697297273c47b8cae5a63ffc6d6ed5c201be6e44", size = 27697, upload-time = "2022-10-25T02:36:22.414Z" }
wheels = [
    { url = "https://files.pythonhosted.org/packages/d1/d6/3965ed04c63042e047cb6a3e6ed1a63a35087b6a609aa3a15ed8ac56c221/colorama-0.4.6-py2.py3-none-any.whl", hash = "sha256:4f1d9991f5acc0ca119f9d443620b77f9d6b33703e51011c16baf57afb285fc6", size = 25335, upload-time = "2022-10-25T02:36:20.889Z" },
]

[[package]]
name = "confluent-kafka"
version = "2.11.1"
source = { registry = "https://pypi.org/simple" }
sdist = { url = "https://files.pythonhosted.org/packages/e1/e4/cd2dc58cd583788a362c2d59d179a6537b81c3bf70c6a1907c508117ca77/confluent_kafka-2.11.1.tar.gz", hash = "sha256:a9366d9dc07a527ed0dcef9c24ba38238cf9dc63c3f53b79da15d45ce4459166", size = 227194, upload-time = "2025-08-18T21:27:48.103Z" }
wheels = [
    { url = "https://files.pythonhosted.org/packages/fb/b4/9a38fefdf81e2071ea802ce806779df347ec6cb0933bf79bfe816286991e/confluent_kafka-2.11.1-cp311-cp311-macosx_10_9_x86_64.whl", hash = "sha256:407ce01ea64d29aa6dedecd54b775563f10ed5ce97067b37ee68c8e021a489f5", size = 3590320, upload-time = "2025-08-18T21:26:29.927Z" },
    { url = "https://files.pythonhosted.org/packages/23/c1/f19b6c673088a53beebb66ccd50a64becfe3baa2d556ace025fef54fb44b/confluent_kafka-2.11.1-cp311-cp311-macosx_11_0_arm64.whl", hash = "sha256:bc0fedcc007c32a94cf96bca5075b39b2d38d1f72a88bbc4b81dbdf24ae55663", size = 3118548, upload-time = "2025-08-18T21:26:31.434Z" },
    { url = "https://files.pythonhosted.org/packages/23/26/13e7e8ab8093ee3e2820a6b759eaf8c663e7646e23a2ff5f15ec2bce4f33/confluent_kafka-2.11.1-cp311-cp311-manylinux_2_28_aarch64.whl", hash = "sha256:be2d13b1b754f85a5c1ccfc60266e2ce108477942b59b72cc07941eb4d671379", size = 15376214, upload-time = "2025-08-18T21:26:34.188Z" },
    { url = "https://files.pythonhosted.org/packages/40/aa/ebf3facd881cb0b4e79fae29f040079ff2cb1ae4aabee08456e3ab536828/confluent_kafka-2.11.1-cp311-cp311-manylinux_2_28_x86_64.whl", hash = "sha256:61caa7929443ca0bf4ac5c61d37fbc3e77f5fa094adf2337eb62d2742a0b2290", size = 3911998, upload-time = "2025-08-18T21:26:37.241Z" },
    { url = "https://files.pythonhosted.org/packages/5e/a0/30a2b36b359d36f4b71cc49522fe5a3ef96a9a59a7df1f3a86f6c758d01b/confluent_kafka-2.11.1-cp311-cp311-win_amd64.whl", hash = "sha256:943b976a1de21176f29efab8d86f3cc3460ee8017d6ff3d471d4a0dac3551d85", size = 4037867, upload-time = "2025-08-18T21:26:38.982Z" },
    { url = "https://files.pythonhosted.org/packages/8a/c5/708f138c14f2b3a6f47485c632be8207e896912e5001f2ef048db5c41c2e/confluent_kafka-2.11.1-cp312-cp312-macosx_10_9_x86_64.whl", hash = "sha256:2c8e2e2d26ac58037d710f49c0ced0db5af88bc4e7714e65310a6855de3f7f73", size = 3596299, upload-time = "2025-08-18T21:26:40.559Z" },
    { url = "https://files.pythonhosted.org/packages/25/7e/93e0c618e5abc2df9e9c8e512fb264fe60144e12f32f03f79d98ae46c736/confluent_kafka-2.11.1-cp312-cp312-macosx_11_0_arm64.whl", hash = "sha256:44bc1bfcfb71ca0f5ab71312a8735678b3132e8f89fbed70285aaf1b5234e4f3", size = 3123982, upload-time = "2025-08-18T21:26:42.231Z" },
    { url = "https://files.pythonhosted.org/packages/03/eb/9e0b3cb9914e7ad112caa4edddf19e342f704631e6808a1c97f93b024c1c/confluent_kafka-2.11.1-cp312-cp312-manylinux_2_28_aarch64.whl", hash = "sha256:bc6842dc30ef258e4c5b7c6e322d992cd001b6e319838aa7a6ec210374e16830", size = 15380670, upload-time = "2025-08-18T21:26:44.777Z" },
    { url = "https://files.pythonhosted.org/packages/c6/01/f95547a5eeaf5253b299026633b521732eee58a58f9cfe4cc7f602d204f8/confluent_kafka-2.11.1-cp312-cp312-manylinux_2_28_x86_64.whl", hash = "sha256:3e01607c3613863fb0f4f86c7fc3421c4af6f70686bf903ab475c113dfacb372", size = 3916459, upload-time = "2025-08-18T21:26:48.014Z" },
    { url = "https://files.pythonhosted.org/packages/d1/d4/2a65ada2015364a9791e55697beaddc00a42e2943c5b90e6349da80ede4e/confluent_kafka-2.11.1-cp312-cp312-win_amd64.whl", hash = "sha256:4b4c371090ded6084c893a51e8aba19bc8ae6ce9c019658cb11fab82b3e93458", size = 4038551, upload-time = "2025-08-18T21:26:50.469Z" },
    { url = "https://files.pythonhosted.org/packages/52/54/6c790187fce06fb84741f21bf25a9435385a891b8a3b73b4fb5a1bf71d6f/confluent_kafka-2.11.1-cp313-cp313-macosx_13_0_arm64.whl", hash = "sha256:9618041f031320e113f9dc533c0dbd1d768dd008855ae4be1ed21148442f146e", size = 3128480, upload-time = "2025-08-18T21:26:52.688Z" },
    { url = "https://files.pythonhosted.org/packages/d5/40/aa219be95629a1da072996edae96c4db82a72f1e3610cd490f8c9aa57799/confluent_kafka-2.11.1-cp313-cp313-macosx_13_0_x86_64.whl", hash = "sha256:4f8d9dee49975a63b31dd71f0a0b4d3a2af9754a21d18d218fec6c0d9cb6eea3", size = 3599681, upload-time = "2025-08-18T21:26:54.942Z" },
    { url = "https://files.pythonhosted.org/packages/ba/0c/29616e188b1c8a1e3fc24a3a9b5d0340591d246ee097706945f89ecb49a2/confluent_kafka-2.11.1-cp313-cp313-manylinux_2_28_aarch64.whl", hash = "sha256:e173c3e021bd525c14ea107a960c467d9fc7fe7e7d72cde1308bcddd58774f86", size = 15381089, upload-time = "2025-08-18T21:26:59.278Z" },
    { url = "https://files.pythonhosted.org/packages/e8/34/1145c73d4ab35ce71ce8fcc9238a59fddb304de01dbf8a10039ab8ff55ea/confluent_kafka-2.11.1-cp313-cp313-manylinux_2_28_x86_64.whl", hash = "sha256:639b7b776dc1d830b0ee4188487c54977fe7d5bf70befbdcf222ac9e1b72ab7e", size = 3916834, upload-time = "2025-08-18T21:27:02.376Z" },
    { url = "https://files.pythonhosted.org/packages/af/a3/77a5d2bbd20808ed571844e5de40b3422261824f66a20a5f3e0f44aa1061/confluent_kafka-2.11.1-cp313-cp313-win_amd64.whl", hash = "sha256:09f7703fe54429911f7d1cdf62c3044c4b7eaefa0af9d2dbcf4b513d97673380", size = 4098185, upload-time = "2025-08-18T21:27:04.82Z" },
    { url = "https://files.pythonhosted.org/packages/b1/70/8f56755827e9423777571116518127c9b2f357299f082ed386898f63740a/confluent_kafka-2.11.1-cp313-cp313t-manylinux_2_28_aarch64.whl", hash = "sha256:bc6eceedf0cda75ea666899d972ca9c68b529f1ff36ed99f5f15503d0d08d1b3", size = 15379674, upload-time = "2025-08-18T21:27:09.249Z" },
]

[[package]]
name = "iniconfig"
version = "2.1.0"
source = { registry = "https://pypi.org/simple" }
sdist = { url = "https://files.pythonhosted.org/packages/f2/97/ebf4da567aa6827c909642694d71c9fcf53e5b504f2d96afea02718862f3/iniconfig-2.1.0.tar.gz", hash = "sha256:3abbd2e30b36733fee78f9c7f7308f2d0050e88f0087fd25c2645f63c773e1c7", size = 4793, upload-time = "2025-03-19T20:09:59.721Z" }
wheels = [
    { url = "https://files.pythonhosted.org/packages/2c/e1/e6716421ea10d38022b952c159d5161ca1193197fb744506875fbb87ea7b/iniconfig-2.1.0-py3-none-any.whl", hash = "sha256:9deba5723312380e77435581c6bf4935c94cbfab9b1ed33ef8d238ea168eb760", size = 6050, upload-time = "2025-03-19T20:10:01.071Z" },
]

[[package]]
name = "kafkaux"
version = "0.1.0"
source = { editable = "." }
dependencies = [
    { name = "confluent-kafka" },
    { name = "typer" },
]

[package.dev-dependencies]
dev = [
    { name = "pytest" },
]

[package.metadata]
requires-dist = [
    { name = "confluent-kafka", specifier = ">=2.11.1" },
    { name = "typer", specifier = ">=0.19.1" },
]

[package.metadata.requires-dev]
dev = [{ name = "pytest", specifier = ">=8.4.2" }]

[[package]]
name = "markdown-it-py"
version = "4.0.0"
source = { registry = "https://pypi.org/simple" }
dependencies = [
    { name = "mdurl" },
]
sdist = { url = "https://files.pythonhosted.org/packages/5b/f5/4ec618ed16cc4f8fb3b701563655a69816155e79e24a17b651541804721d/markdown_it_py-4.0.0.tar.gz", hash = "sha256:cb0a2b4aa34f932c007117b194e945bd74e0ec24133ceb5bac59009cda1cb9f3", size = 73070, upload-time = "2025-08-11T12:57:52.854Z" }
wheels = [
    { url = "https://files.pythonhosted.org/packages/94/54/e7d793b573f298e1c9013b8c4dade17d481164aa517d1d7148619c2cedbf/markdown_it_py-4.0.0-py3-none-any.whl", hash = "sha256:87327c59b172c5011896038353a81343b6754500a08cd7a4973bb48c6d578147", size = 87321, upload-time = "2025-08-11T12:57:51.923Z" },
]

[[package]]
name = "mdurl"
version = "0.1.2"
source = { registry = "https://pypi.org/simple" }
sdist = { url = "https://files.pythonhosted.org/packages/d6/54/cfe61301667036ec958cb99bd3efefba235e65cdeb9c84d24a8293ba1d90/mdurl-0.1.2.tar.gz", hash = "sha256:bb413d29f5eea38f31dd4754dd7377d4465116fb207585f97bf925588687c1ba", size = 8729, upload-time = "2022-08-14T12:40:10.846Z" }
wheels = [
    { url = "https://files.pythonhosted.org/packages/b3/38/89ba8ad64ae25be8de66a6d463314cf1eb366222074cfda9ee839c56a4b4/mdurl-0.1.2-py3-none-any.whl", hash = "sha256:84008a41e51615a49fc9966191ff91509e3c40b939176e643fd50a5c2196b8f8", size = 9979, upload-time = "2022-08-14T12:40:09.779Z" },
]

[[package]]
name = "packaging"
version = "25.0"
source = { registry = "https://pypi.org/simple" }
sdist = { url = "https://files.pythonhosted.org/packages/a1/d4/1fc4078c65507b51b96ca8f8c3ba19e6a61c8253c72794544580a7b6c24d/packaging-25.0.tar.gz", hash = "sha256:d443872c98d677bf60f6a1f2f8c1cb748e8fe762d2bf9d3148b5599295b0fc4f", size = 165727, upload-time = "2025-04-19T11:48:59.673Z" }
wheels = [
    { url = "https://files.pythonhosted.org/packages/20/12/38679034af332785aac8774540895e234f4d07f7545804097de4b666afd8/packaging-25.0-py3-none-any.whl", hash = "sha256:29572ef2b1f17581046b3a2227d5c611fb25ec70ca1ba8554b24b0e69331a484", size = 66469, upload-time = "2025-04-19T11:48:57.875Z" },
]

[[package]]
name = "pluggy"
version = "1.6.0"
source = { registry = "https://pypi.org/simple" }
sdist = { url = "https://files.pythonhosted.org/packages/f9/e2/3e91f31a7d2b083fe6ef3fa267035b518369d9511ffab804f839851d2779/pluggy-1.6.0.tar.gz", hash = "sha256:7dcc130b76258d33b90f61b658791dede3486c3e6bfb003ee5c9bfb396dd22f3", size = 69412, upload-time = "2025-05-15T12:30:07.975Z" }
wheels = [
    { url = "https://files.pythonhosted.org/packages/54/20/4d324d65cc6d9205fabedc306948156824eb9f0ee1633355a8f7ec5c66bf/pluggy-1.6.0-py3-none-any.whl", hash = "sha256:e920276dd6813095e9377c0bc5566d94c932c33b27a3e3945d8389c374dd4746", size = 20538, upload-time = "2025-05-15T12:30:06.134Z" },
]

[[package]]
name = "pygments"
version = "2.19.2"
source = { registry = "https://pypi.org/simple" }
sdist = { url = "https://files.pythonhosted.org/packages/b0/77/a5b8c569bf593b0140bde72ea885a803b82086995367bf2037de0159d924/pygments-2.19.2.tar.gz", hash = "sha256:636cb2477cec7f8952536970bc533bc43743542f70392ae026374600add5b887", size = 4968631, upload-time = "2025-06-21T13:39:12.283Z" }
wheels = [
    { url = "https://files.pythonhosted.org/packages/c7/21/705964c7812476f378728bdf590ca4b771ec72385c533964653c68e86bdc/pygments-2.19.2-py3-none-any.whl", hash = "sha256:86540386c03d588bb81d44bc3928634ff26449851e99741617ecb9037ee5ec0b", size = 1225217, upload-time = "2025-06-21T13:39:07.939Z" },
]

[[package]]
name = "pytest"
version = "8.4.2"
source = { registry = "https://pypi.org/simple" }
dependencies = [
    { name = "colorama", marker = "sys_platform == 'win32'" },
    { name = "iniconfig" },
    { name = "packaging" },
    { name = "pluggy" },
    { name = "pygments" },
]
sdist = { url = "https://files.pythonhosted.org/packages/a3/5c/00a0e072241553e1a7496d638deababa67c5058571567b92a7eaa258397c/pytest-8.4.2.tar.gz", hash = "sha256:86c0d0b93306b961d58d62a4db4879f27fe25513d4b969df351abdddb3c30e01", size = 1519618, upload-time = "2025-09-04T14:34:22.711Z" }
wheels = [
    { url = "https://files.pythonhosted.org/packages/a8/a4/20da314d277121d6534b3a980b29035dcd51e6744bd79075a6ce8fa4eb8d/pytest-8.4.2-py3-none-any.whl", hash = "sha256:872f880de3fc3a5bdc88a11b39c9710c3497a547cfa9320bc3c5e62fbf272e79", size = 365750, upload-time = "2025-09-04T14:34:20.226Z" },
]

[[package]]
name = "rich"
version = "14.1.0"
source = { registry = "https://pypi.org/simple" }
dependencies = [
    { name = "markdown-it-py" },
    { name = "pygments" },
]
sdist = { url = "https://files.pythonhosted.org/packages/fe/75/af448d8e52bf1d8fa6a9d089ca6c07ff4453d86c65c145d0a300bb073b9b/rich-14.1.0.tar.gz", hash = "sha256:e497a48b844b0320d45007cdebfeaeed8db2a4f4bcf49f15e455cfc4af11eaa8", size = 224441, upload-time = "2025-07-25T07:32:58.125Z" }
wheels = [
    { url = "https://files.pythonhosted.org/packages/e3/30/3c4d035596d3cf444529e0b2953ad0466f6049528a879d27534700580395/rich-14.1.0-py3-none-any.whl", hash = "sha256:536f5f1785986d6dbdea3c75205c473f970777b4a0d6c6dd1b696aa05a3fa04f", size = 243368, upload-time = "2025-07-25T07:32:56.73Z" },
]

[[package]]
name = "shellingham"
version = "1.5.4"
source = { registry = "https://pypi.org/simple" }
sdist = { url = "https://files.pythonhosted.org/packages/58/15/8b3609fd3830ef7b27b655beb4b4e9c62313a4e8da8c676e142cc210d58e/shellingham-1.5.4.tar.gz", hash = "sha256:8dbca0739d487e5bd35ab3ca4b36e11c4078f3a234bfce294b0a0291363404de", size = 10310, upload-time = "2023-10-24T04:13:40.426Z" }
wheels = [
    { url = "https://files.pythonhosted.org/packages/e0/f9/0595336914c5619e5f28a1fb793285925a8cd4b432c9da0a987836c7f822/shellingham-1.5.4-py2.py3-none-any.whl", hash = "sha256:7ecfff8f2fd72616f7481040475a65b2bf8af90a56c89140852d1120324e8686", size = 9755, upload-time = "2023-10-24T04:13:38.866Z" },
]

[[package]]
name = "typer"
version = "0.19.1"
source = { registry = "https://pypi.org/simple" }
dependencies = [
    { name = "click" },
    { name = "rich" },
    { name = "shellingham" },
    { name = "typing-extensions" },
]
sdist = { url = "https://files.pythonhosted.org/packages/03/ea/9cc57c3c627fd7a6a0907ea371019fe74c3ec00e3cf209a6864140a602ad/typer-0.19.1.tar.gz", hash = "sha256:cb881433a4b15dacc875bb0583d1a61e78497806741f9aba792abcab390c03e6", size = 104802, upload-time = "2025-09-20T08:59:22.692Z" }
wheels = [
    { url = "https://files.pythonhosted.org/packages/1e/fa/6473c00b5eb26a2ba427813107699d3e6f4e1a4afad3f7494b17bdef3422/typer-0.19.1-py3-none-any.whl", hash = "sha256:914b2b39a1da4bafca5f30637ca26fa622a5bf9f515e5fdc772439f306d5682a", size = 46876, upload-time = "2025-09-20T08:59:21.153Z" },
]

[[package]]
name = "typing-extensions"
version = "4.15.0"
source = { registry = "https://pypi.org/simple" }
sdist = { url = "https://files.pythonhosted.org/packages/72/94/1a15dd82efb362ac84269196e94cf00f187f7ed21c242792a923cdb1c61f/typing_extensions-4.15.0.tar.gz", hash = "sha256:0cea48d173cc12fa28ecabc3b837ea3cf6f38c6d1136f85cbaaf598984861466", size = 109391, upload-time = "2025-08-25T13:49:26.313Z" }
wheels = [
    { url = "https://files.pythonhosted.org/packages/18/67/36e9267722cc04a6b9f15c7f3441c2363321a3ea07da7ae0c0707beb2a9c/typing_extensions-4.15.0-py3-none-any.whl", hash = "sha256:f0fa19c6845758ab08074a0cfa8b7aecb71c999ca73d62883bc25cc018c4e548", size = 44614, upload-time = "2025-08-25T13:49:24.86Z" },
]
